// !$*UTF8*$!
{
	archiveVersion = 1;
	classes = {
	};
	objectVersion = 46;
	objects = {

/* Begin PBXBuildFile section */
		AE5BDE3F1AC4DCBE00C854DD /* AppDelegate.swift in Sources */ = {isa = PBXBuildFile; fileRef = AE5BDE3E1AC4DCBE00C854DD /* AppDelegate.swift */; };
		AE5BDE411AC4DCBE00C854DD /* ViewController.swift in Sources */ = {isa = PBXBuildFile; fileRef = AE5BDE401AC4DCBE00C854DD /* ViewController.swift */; };
		AE5BDE441AC4DCBE00C854DD /* Main.storyboard in Resources */ = {isa = PBXBuildFile; fileRef = AE5BDE421AC4DCBE00C854DD /* Main.storyboard */; };
		AE5BDE461AC4DCBE00C854DD /* Images.xcassets in Resources */ = {isa = PBXBuildFile; fileRef = AE5BDE451AC4DCBE00C854DD /* Images.xcassets */; };
		AE5BDE491AC4DCBE00C854DD /* LaunchScreen.xib in Resources */ = {isa = PBXBuildFile; fileRef = AE5BDE471AC4DCBE00C854DD /* LaunchScreen.xib */; };
		AE5BDE551AC4DCBE00C854DD /* L01StoryBoardTests.swift in Sources */ = {isa = PBXBuildFile; fileRef = AE5BDE541AC4DCBE00C854DD /* L01StoryBoardTests.swift */; };
		AE8E4DC21AC6E66000725545 /* My.storyboard in Resources */ = {isa = PBXBuildFile; fileRef = AE8E4DC11AC6E66000725545 /* My.storyboard */; };
/* End PBXBuildFile section */

/* Begin PBXContainerItemProxy section */
		AE5BDE4F1AC4DCBE00C854DD /* PBXContainerItemProxy */ = {
			isa = PBXContainerItemProxy;
			containerPortal = AE5BDE311AC4DCBE00C854DD /* Project object */;
			proxyType = 1;
			remoteGlobalIDString = AE5BDE381AC4DCBE00C854DD;
			remoteInfo = L01StoryBoard;
		};
/* End PBXContainerItemProxy section */

/* Begin PBXFileReference section */
		AE5BDE391AC4DCBE00C854DD /* L01StoryBoard.app */ = {isa = PBXFileReference; explicitFileType = wrapper.application; includeInIndex = 0; path = L01StoryBoard.app; sourceTree = BUILT_PRODUCTS_DIR; };
		AE5BDE3D1AC4DCBE00C854DD /* Info.plist */ = {isa = PBXFileReference; lastKnownFileType = text.plist.xml; path = Info.plist; sourceTree = "<group>"; };
		AE5BDE3E1AC4DCBE00C854DD /* AppDelegate.swift */ = {isa = PBXFileReference; lastKnownFileType = sourcecode.swift; path = AppDelegate.swift; sourceTree = "<group>"; };
		AE5BDE401AC4DCBE00C854DD /* ViewController.swift */ = {isa = PBXFileReference; lastKnownFileType = sourcecode.swift; path = ViewController.swift; sourceTree = "<group>"; };
		AE5BDE431AC4DCBE00C854DD /* Base */ = {isa = PBXFileReference; lastKnownFileType = file.storyboard; name = Base; path = Base.lproj/Main.storyboard; sourceTree = "<group>"; };
		AE5BDE451AC4DCBE00C854DD /* Images.xcassets */ = {isa = PBXFileReference; lastKnownFileType = folder.assetcatalog; path = Images.xcassets; sourceTree = "<group>"; };
		AE5BDE481AC4DCBE00C854DD /* Base */ = {isa = PBXFileReference; lastKnownFileType = file.xib; name = Base; path = Base.lproj/LaunchScreen.xib; sourceTree = "<group>"; };
		AE5BDE4E1AC4DCBE00C854DD /* L01StoryBoardTests.xctest */ = {isa = PBXFileReference; explicitFileType = wrapper.cfbundle; includeInIndex = 0; path = L01StoryBoardTests.xctest; sourceTree = BUILT_PRODUCTS_DIR; };
		AE5BDE531AC4DCBE00C854DD /* Info.plist */ = {isa = PBXFileReference; lastKnownFileType = text.plist.xml; path = Info.plist; sourceTree = "<group>"; };
		AE5BDE541AC4DCBE00C854DD /* L01StoryBoardTests.swift */ = {isa = PBXFileReference; lastKnownFileType = sourcecode.swift; path = L01StoryBoardTests.swift; sourceTree = "<group>"; };
		AE8E4DC11AC6E66000725545 /* My.storyboard */ = {isa = PBXFileReference; fileEncoding = 4; lastKnownFileType = file.storyboard; path = My.storyboard; sourceTree = "<group>"; };
/* End PBXFileReference section */

/* Begin PBXFrameworksBuildPhase section */
		AE5BDE361AC4DCBE00C854DD /* Frameworks */ = {
			isa = PBXFrameworksBuildPhase;
			buildActionMask = 2147483647;
			files = (
			);
			runOnlyForDeploymentPostprocessing = 0;
		};
		AE5BDE4B1AC4DCBE00C854DD /* Frameworks */ = {
			isa = PBXFrameworksBuildPhase;
			buildActionMask = 2147483647;
			files = (
			);
			runOnlyForDeploymentPostprocessing = 0;
		};
/* End PBXFrameworksBuildPhase section */

/* Begin PBXGroup section */
		AE5BDE301AC4DCBE00C854DD = {
			isa = PBXGroup;
			children = (
				AE5BDE3B1AC4DCBE00C854DD /* L01StoryBoard */,
				AE5BDE511AC4DCBE00C854DD /* L01StoryBoardTests */,
				AE5BDE3A1AC4DCBE00C854DD /* Products */,
			);
			sourceTree = "<group>";
		};
		AE5BDE3A1AC4DCBE00C854DD /* Products */ = {
			isa = PBXGroup;
			children = (
				AE5BDE391AC4DCBE00C854DD /* L01StoryBoard.app */,
				AE5BDE4E1AC4DCBE00C854DD /* L01StoryBoardTests.xctest */,
			);
			name = Products;
			sourceTree = "<group>";
		};
		AE5BDE3B1AC4DCBE00C854DD /* L01StoryBoard */ = {
			isa = PBXGroup;
			children = (
				AE5BDE3E1AC4DCBE00C854DD /* AppDelegate.swift */,
				AE5BDE401AC4DCBE00C854DD /* ViewController.swift */,
				AE5BDE421AC4DCBE00C854DD /* Main.storyboard */,
				AE5BDE451AC4DCBE00C854DD /* Images.xcassets */,
				AE5BDE471AC4DCBE00C854DD /* LaunchScreen.xib */,
				AE5BDE3C1AC4DCBE00C854DD /* Supporting Files */,
				AE8E4DC11AC6E66000725545 /* My.storyboard */,
			);
			path = L01StoryBoard;
			sourceTree = "<group>";
		};
		AE5BDE3C1AC4DCBE00C854DD /* Supporting Files */ = {
			isa = PBXGroup;
			children = (
				AE5BDE3D1AC4DCBE00C854DD /* Info.plist */,
			);
			name = "Supporting Files";
			sourceTree = "<group>";
		};
		AE5BDE511AC4DCBE00C854DD /* L01StoryBoardTests */ = {
			isa = PBXGroup;
			children = (
				AE5BDE541AC4DCBE00C854DD /* L01StoryBoardTests.swift */,
				AE5BDE521AC4DCBE00C854DD /* Supporting Files */,
			);
			path = L01StoryBoardTests;
			sourceTree = "<group>";
		};
		AE5BDE521AC4DCBE00C854DD /* Supporting Files */ = {
			isa = PBXGroup;
			children = (
				AE5BDE531AC4DCBE00C854DD /* Info.plist */,
			);
			name = "Supporting Files";
			sourceTree = "<group>";
		};
/* End PBXGroup section */

/* Begin PBXNativeTarget section */
		AE5BDE381AC4DCBE00C854DD /* L01StoryBoard */ = {
			isa = PBXNativeTarget;
			buildConfigurationList = AE5BDE581AC4DCBE00C854DD /* Build configuration list for PBXNativeTarget "L01StoryBoard" */;
			buildPhases = (
				AE5BDE351AC4DCBE00C854DD /* Sources */,
				AE5BDE361AC4DCBE00C854DD /* Frameworks */,
				AE5BDE371AC4DCBE00C854DD /* Resources */,
			);
			buildRules = (
			);
			dependencies = (
			);
			name = L01StoryBoard;
			productName = L01StoryBoard;
			productReference = AE5BDE391AC4DCBE00C854DD /* L01StoryBoard.app */;
			productType = "com.apple.product-type.application";
		};
		AE5BDE4D1AC4DCBE00C854DD /* L01StoryBoardTests */ = {
			isa = PBXNativeTarget;
			buildConfigurationList = AE5BDE5B1AC4DCBE00C854DD /* Build configuration list for PBXNativeTarget "L01StoryBoardTests" */;
			buildPhases = (
				AE5BDE4A1AC4DCBE00C854DD /* Sources */,
				AE5BDE4B1AC4DCBE00C854DD /* Frameworks */,
				AE5BDE4C1AC4DCBE00C854DD /* Resources */,
			);
			buildRules = (
			);
			dependencies = (
				AE5BDE501AC4DCBE00C854DD /* PBXTargetDependency */,
			);
			name = L01StoryBoardTests;
			productName = L01StoryBoardTests;
			productReference = AE5BDE4E1AC4DCBE00C854DD /* L01StoryBoardTests.xctest */;
			productType = "com.apple.product-type.bundle.unit-test";
		};
/* End PBXNativeTarget section */

/* Begin PBXProject section */
		AE5BDE311AC4DCBE00C854DD /* Project object */ = {
			isa = PBXProject;
			attributes = {
				LastUpgradeCheck = 0610;
				ORGANIZATIONNAME = sh;
				TargetAttributes = {
					AE5BDE381AC4DCBE00C854DD = {
						CreatedOnToolsVersion = 6.1.1;
					};
					AE5BDE4D1AC4DCBE00C854DD = {
						CreatedOnToolsVersion = 6.1.1;
						TestTargetID = AE5BDE381AC4DCBE00C854DD;
					};
				};
			};
			buildConfigurationList = AE5BDE341AC4DCBE00C854DD /* Build configuration list for PBXProject "L01StoryBoard" */;
			compatibilityVersion = "Xcode 3.2";
			developmentRegion = English;
			hasScannedForEncodings = 0;
			knownRegions = (
				en,
				Base,
			);
			mainGroup = AE5BDE301AC4DCBE00C854DD;
			productRefGroup = AE5BDE3A1AC4DCBE00C854DD /* Products */;
			projectDirPath = "";
			projectRoot = "";
			targets = (
				AE5BDE381AC4DCBE00C854DD /* L01StoryBoard */,
				AE5BDE4D1AC4DCBE00C854DD /* L01StoryBoardTests */,
			);
		};
/* End PBXProject section */

/* Begin PBXResourcesBuildPhase section */
		AE5BDE371AC4DCBE00C854DD /* Resources */ = {
			isa = PBXResourcesBuildPhase;
			buildActionMask = 2147483647;
			files = (
				AE5BDE441AC4DCBE00C854DD /* Main.storyboard in Resources */,
				AE5BDE491AC4DCBE00C854DD /* LaunchScreen.xib in Resources */,
				AE8E4DC21AC6E66000725545 /* My.storyboard in Resources */,
				AE5BDE461AC4DCBE00C854DD /* Images.xcassets in Resources */,
			);
			runOnlyForDeploymentPostprocessing = 0;
		};
		AE5BDE4C1AC4DCBE00C854DD /* Resources */ = {
			isa = PBXResourcesBuildPhase;
			buildActionMask = 2147483647;
			files = (
			);
			runOnlyForDeploymentPostprocessing = 0;
		};
/* End PBXResourcesBuildPhase section */

/* Begin PBXSourcesBuildPhase section */
		AE5BDE351AC4DCBE00C854DD /* Sources */ = {
			isa = PBXSourcesBuildPhase;
			buildActionMask = 2147483647;
			files = (
				AE5BDE411AC4DCBE00C854DD /* ViewController.swift in Sources */,
				AE5BDE3F1AC4DCBE00C854DD /* AppDelegate.swift in Sources */,
			);
			runOnlyForDeploymentPostprocessing = 0;
		};
		AE5BDE4A1AC4DCBE00C854DD /* Sources */ = {
			isa = PBXSourcesBuildPhase;
			buildActionMask = 2147483647;
			files = (
				AE5BDE551AC4DCBE00C854DD /* L01StoryBoardTests.swift in Sources */,
			);
			runOnlyForDeploymentPostprocessing = 0;
		};
/* End PBXSourcesBuildPhase section */

/* Begin PBXTargetDependency section */
		AE5BDE501AC4DCBE00C854DD /* PBXTargetDependency */ = {
			isa = PBXTargetDependency;
			target = AE5BDE381AC4DCBE00C854DD /* L01StoryBoard */;
			targetProxy = AE5BDE4F1AC4DCBE00C854DD /* PBXContainerItemProxy */;
		};
/* End PBXTargetDependency section */

/* Begin PBXVariantGroup section */
		AE5BDE421AC4DCBE00C854DD /* Main.storyboard */ = {
			isa = PBXVariantGroup;
			children = (
				AE5BDE431AC4DCBE00C854DD /* Base */,
			);
			name = Main.storyboard;
			sourceTree = "<group>";
		};
		AE5BDE471AC4DCBE00C854DD /* LaunchScreen.xib */ = {
			isa = PBXVariantGroup;
			children = (
				AE5BDE481AC4DCBE00C854DD /* Base */,
			);
			name = LaunchScreen.xib;
			sourceTree = "<group>";
		};
/* End PBXVariantGroup section */

/* Begin XCBuildConfiguration section */
		AE5BDE561AC4DCBE00C854DD /* Debug */ = {
			isa = XCBuildConfiguration;
			buildSettings = {
				ALWAYS_SEARCH_USER_PATHS = NO;
				CLANG_CXX_LANGUAGE_STANDARD = "gnu++0x";
				CLANG_CXX_LIBRARY = "libc++";
				CLANG_ENABLE_MODULES = YES;
				CLANG_ENABLE_OBJC_ARC = YES;
				CLANG_WARN_BOOL_CONVERSION = YES;
				CLANG_WARN_CONSTANT_CONVERSION = YES;
				CLANG_WARN_DIRECT_OBJC_ISA_USAGE = YES_ERROR;
				CLANG_WARN_EMPTY_BODY = YES;
				CLANG_WARN_ENUM_CONVERSION = YES;
				CLANG_WARN_INT_CONVERSION = YES;
				CLANG_WARN_OBJC_ROOT_CLASS = YES_ERROR;
				CLANG_WARN_UNREACHABLE_CODE = YES;
				CLANG_WARN__DUPLICATE_METHOD_MATCH = YES;
				"CODE_SIGN_IDENTITY[sdk=iphoneos*]" = "iPhone Developer";
				COPY_PHASE_STRIP = NO;
				ENABLE_STRICT_OBJC_MSGSEND = YES;
				GCC_C_LANGUAGE_STANDARD = gnu99;
				GCC_DYNAMIC_NO_PIC = NO;
				GCC_OPTIMIZATION_LEVEL = 0;
				GCC_PREPROCESSOR_DEFINITIONS = (
					"DEBUG=1",
					"$(inherited)",
				);
				GCC_SYMBOLS_PRIVATE_EXTERN = NO;
				GCC_WARN_64_TO_32_BIT_CONVERSION = YES;
				GCC_WARN_ABOUT_RETURN_TYPE = YES_ERROR;
				GCC_WARN_UNDECLARED_SELECTOR = YES;
				GCC_WARN_UNINITIALIZED_AUTOS = YES_AGGRESSIVE;
				GCC_WARN_UNUSED_FUNCTION = YES;
				GCC_WARN_UNUSED_VARIABLE = YES;
				IPHONEOS_DEPLOYMENT_TARGET = 8.1;
				MTL_ENABLE_DEBUG_INFO = YES;
				ONLY_ACTIVE_ARCH = YES;
				SDKROOT = iphoneos;
				SWIFT_OPTIMIZATION_LEVEL = "-Onone";
			};
			name = Debug;
		};
		AE5BDE571AC4DCBE00C854DD /* Release */ = {
			isa = XCBuildConfiguration;
			buildSettings = {
				ALWAYS_SEARCH_USER_PATHS = NO;
				CLANG_CXX_LANGUAGE_STANDARD = "gnu++0x";
				CLANG_CXX_LIBRARY = "libc++";
				CLANG_ENABLE_MODULES = YES;
				CLANG_ENABLE_OBJC_ARC = YES;
				CLANG_WARN_BOOL_CONVERSION = YES;
				CLANG_WARN_CONSTANT_CONVERSION = YES;
				CLANG_WARN_DIRECT_OBJC_ISA_USAGE = YES_ERROR;
				CLANG_WARN_EMPTY_BODY = YES;
				CLANG_WARN_ENUM_CONVERSION = YES;
				CLANG_WARN_INT_CONVERSION = YES;
				CLANG_WARN_OBJC_ROOT_CLASS = YES_ERROR;
				CLANG_WARN_UNREACHABLE_CODE = YES;
				CLANG_WARN__DUPLICATE_METHOD_MATCH = YES;
				"CODE_SIGN_IDENTITY[sdk=iphoneos*]" = "iPhone Developer";
				COPY_PHASE_STRIP = YES;
				ENABLE_NS_ASSERTIONS = NO;
				ENABLE_STRICT_OBJC_MSGSEND = YES;
				GCC_C_LANGUAGE_STANDARD = gnu99;
				GCC_WARN_64_TO_32_BIT_CONVERSION = YES;
				GCC_WARN_ABOUT_RETURN_TYPE = YES_ERROR;
				GCC_WARN_UNDECLARED_SELECTOR = YES;
				GCC_WARN_UNINITIALIZED_AUTOS = YES_AGGRESSIVE;
				GCC_WARN_UNUSED_FUNCTION = YES;
				GCC_WARN_UNUSED_VARIABLE = YES;
				IPHONEOS_DEPLOYMENT_TARGET = 8.1;
				MTL_ENABLE_DEBUG_INFO = NO;
				SDKROOT = iphoneos;
				VALIDATE_PRODUCT = YES;
			};
			name = Release;
		};
		AE5BDE591AC4DCBE00C854DD /* Debug */ = {
			isa = XCBuildConfiguration;
			buildSettings = {
				ASSETCATALOG_COMPILER_APPICON_NAME = AppIcon;
				INFOPLIST_FILE = L01StoryBoard/Info.plist;
				LD_RUNPATH_SEARCH_PATHS = "$(inherited) @executable_path/Frameworks";
				PRODUCT_NAME = "$(TARGET_NAME)";
			};
			name = Debug;
		};
		AE5BDE5A1AC4DCBE00C854DD /* Release */ = {
			isa = XCBuildConfiguration;
			buildSettings = {
				ASSETCATALOG_COMPILER_APPICON_NAME = AppIcon;
				INFOPLIST_FILE = L01StoryBoard/Info.plist;
				LD_RUNPATH_SEARCH_PATHS = "$(inherited) @executable_path/Frameworks";
				PRODUCT_NAME = "$(TARGET_NAME)";
			};
			name = Release;
		};
		AE5BDE5C1AC4DCBE00C854DD /* Debug */ = {
			isa = XCBuildConfiguration;
			buildSettings = {
				BUNDLE_LOADER = "$(TEST_HOST)";
				FRAMEWORK_SEARCH_PATHS = (
					"$(SDKROOT)/Developer/Library/Frameworks",
					"$(inherited)",
				);
				GCC_PREPROCESSOR_DEFINITIONS = (
					"DEBUG=1",
					"$(inherited)",
				);
				INFOPLIST_FILE = L01StoryBoardTests/Info.plist;
				LD_RUNPATH_SEARCH_PATHS = "$(inherited) @executable_path/Frameworks @loader_path/Frameworks";
				PRODUCT_NAME = "$(TARGET_NAME)";
				TEST_HOST = "$(BUILT_PRODUCTS_DIR)/L01StoryBoard.app/L01StoryBoard";
			};
			name = Debug;
		};
		AE5BDE5D1AC4DCBE00C854DD /* Release */ = {
			isa = XCBuildConfiguration;
			buildSettings = {
				BUNDLE_LOADER = "$(TEST_HOST)";
				FRAMEWORK_SEARCH_PATHS = (
					"$(SDKROOT)/Developer/Library/Frameworks",
					"$(inherited)",
				);
				INFOPLIST_FILE = L01StoryBoardTests/Info.plist;
				LD_RUNPATH_SEARCH_PATHS = "$(inherited) @executable_path/Frameworks @loader_path/Frameworks";
				PRODUCT_NAME = "$(TARGET_NAME)";
				TEST_HOST = "$(BUILT_PRODUCTS_DIR)/L01StoryBoard.app/L01StoryBoard";
			};
			name = Release;
		};
/* End XCBuildConfiguration section */

/* Begin XCConfigurationList section */
		AE5BDE341AC4DCBE00C854DD /* Build configuration list for PBXProject "L01StoryBoard" */ = {
			isa = XCConfigurationList;
			buildConfigurations = (
				AE5BDE561AC4DCBE00C854DD /* Debug */,
				AE5BDE571AC4DCBE00C854DD /* Release */,
			);
			defaultConfigurationIsVisible = 0;
			defaultConfigurationName = Release;
		};
		AE5BDE581AC4DCBE00C854DD /* Build configuration list for PBXNativeTarget "L01StoryBoard" */ = {
			isa = XCConfigurationList;
			buildConfigurations = (
				AE5BDE591AC4DCBE00C854DD /* Debug */,
				AE5BDE5A1AC4DCBE00C854DD /* Release */,
			);
			defaultConfigurationIsVisible = 0;
			defaultConfigurationName = Release;
		};
		AE5BDE5B1AC4DCBE00C854DD /* Build configuration list for PBXNativeTarget "L01StoryBoardTests" */ = {
			isa = XCConfigurationList;
			buildConfigurations = (
				AE5BDE5C1AC4DCBE00C854DD /* Debug */,
				AE5BDE5D1AC4DCBE00C854DD /* Release */,
			);
			defaultConfigurationIsVisible = 0;
			defaultConfigurationName = Release;
		};
/* End XCConfigurationList section */
	};
	rootObject = AE5BDE311AC4DCBE00C854DD /* Project object */;
}
